
Microsoft Visual Studio Solution File, Format Version 12.00
# Visual Studio Version 17
VisualStudioVersion = 17.6.33815.320
MinimumVisualStudioVersion = 10.0.40219.1
Project("{FAE04EC0-301F-11D3-BF4B-00C04F79EFBC}") = "OOP_Constructor", "OOP_Constructor.csproj", "{E27780B0-D656-4D46-A409-7D84084D2E3E}"
EndProject
Global
	GlobalSection(SolutionConfigurationPlatforms) = preSolution
		Debug|Any CPU = Debug|Any CPU
		Release|Any CPU = Release|Any CPU
	EndGlobalSection
	GlobalSection(ProjectConfigurationPlatforms) = postSolution
		{E27780B0-D656-4D46-A409-7D84084D2E3E}.Debug|Any CPU.ActiveCfg = Debug|Any CPU
		{E27780B0-D656-4D46-A409-7D84084D2E3E}.Debug|Any CPU.Build.0 = Debug|Any CPU
		{E27780B0-D656-4D46-A409-7D84084D2E3E}.Release|Any CPU.ActiveCfg = Release|Any CPU
		{E27780B0-D656-4D46-A409-7D84084D2E3E}.Release|Any CPU.Build.0 = Release|Any CPU
	EndGlobalSection
	GlobalSection(SolutionProperties) = preSolution
		HideSolutionNode = FALSE
	EndGlobalSection
	GlobalSection(ExtensibilityGlobals) = postSolution
		SolutionGuid = {95EEB8C1-7409-422A-BFAB-1D54D00924C4}
	EndGlobalSection
EndGlobal
